// !$*UTF8*$!
{
	archiveVersion = 1;
	classes = {
	};
	objectVersion = 55;
	objects = {

/* Begin PBXBuildFile section */
		A80B184827E90C4D00979C7D /* BoxList.swift in Sources */ = {isa = PBXBuildFile; fileRef = A80B184727E90C4D00979C7D /* BoxList.swift */; };
		A80B184B27EA1EDA00979C7D /* CacheList.swift in Sources */ = {isa = PBXBuildFile; fileRef = A80B184A27EA1EDA00979C7D /* CacheList.swift */; };
		A80B184D27EA1EE600979C7D /* CacheSearch.swift in Sources */ = {isa = PBXBuildFile; fileRef = A80B184C27EA1EE600979C7D /* CacheSearch.swift */; };
		A80B185027EA1F5900979C7D /* CacheViewState.swift in Sources */ = {isa = PBXBuildFile; fileRef = A80B184F27EA1F5900979C7D /* CacheViewState.swift */; };
		A80B677827E2448A00D45B27 /* Node.swift in Sources */ = {isa = PBXBuildFile; fileRef = A80B677727E2448A00D45B27 /* Node.swift */; };
		A80B677B27E28ABD00D45B27 /* OutlineViewController.swift in Sources */ = {isa = PBXBuildFile; fileRef = A80B677A27E28ABD00D45B27 /* OutlineViewController.swift */; };
		A80B677D27E28AF700D45B27 /* OutlineView.swift in Sources */ = {isa = PBXBuildFile; fileRef = A80B677C27E28AF700D45B27 /* OutlineView.swift */; };
		A80B678027E28F4500D45B27 /* CacheView.swift in Sources */ = {isa = PBXBuildFile; fileRef = A80B677F27E28F4500D45B27 /* CacheView.swift */; };
		A8103AC727E03775006EDB5C /* BoxList2.swift in Sources */ = {isa = PBXBuildFile; fileRef = A8103AC627E03775006EDB5C /* BoxList2.swift */; };
		A81A977127D2C65A0029EC4E /* BoxList.swift in Sources */ = {isa = PBXBuildFile; fileRef = A81A977027D2C65A0029EC4E /* BoxList.swift */; };
		A81D789127E88E6700CA8032 /* Alert.swift in Sources */ = {isa = PBXBuildFile; fileRef = A81D789027E88E6700CA8032 /* Alert.swift */; };
		A81DD2FA27E2B2D400B160D1 /* Search.swift in Sources */ = {isa = PBXBuildFile; fileRef = A81DD2F927E2B2D400B160D1 /* Search.swift */; };
		A81DD2FC27E2D6DE00B160D1 /* AllItems.swift in Sources */ = {isa = PBXBuildFile; fileRef = A81DD2FB27E2D6DE00B160D1 /* AllItems.swift */; };
		A81DD2FE27E2D6EE00B160D1 /* UnboxedItems.swift in Sources */ = {isa = PBXBuildFile; fileRef = A81DD2FD27E2D6EE00B160D1 /* UnboxedItems.swift */; };
		A81DD30227E2E7AC00B160D1 /* FilteredItemList.swift in Sources */ = {isa = PBXBuildFile; fileRef = A81DD30127E2E7AC00B160D1 /* FilteredItemList.swift */; };
		A8274F1327CECF9200F514C4 /* EditItemView.swift in Sources */ = {isa = PBXBuildFile; fileRef = A8274F1227CECF9200F514C4 /* EditItemView.swift */; };
		A83C457627CDBA5D00DEFE1A /* ImagePicker.swift in Sources */ = {isa = PBXBuildFile; fileRef = A83C457527CDBA5D00DEFE1A /* ImagePicker.swift */; };
		A83F51F027CB58A100E898C5 /* ContentView.swift in Sources */ = {isa = PBXBuildFile; fileRef = A83F51EF27CB588F00E898C5 /* ContentView.swift */; };
		A853605127C96EFA002F3179 /* Tests_iOS.swift in Sources */ = {isa = PBXBuildFile; fileRef = A853605027C96EFA002F3179 /* Tests_iOS.swift */; };
		A853605327C96EFA002F3179 /* Tests_iOSLaunchTests.swift in Sources */ = {isa = PBXBuildFile; fileRef = A853605227C96EFA002F3179 /* Tests_iOSLaunchTests.swift */; };
		A853605D27C96EFA002F3179 /* Tests_macOS.swift in Sources */ = {isa = PBXBuildFile; fileRef = A853605C27C96EFA002F3179 /* Tests_macOS.swift */; };
		A853605F27C96EFA002F3179 /* Tests_macOSLaunchTests.swift in Sources */ = {isa = PBXBuildFile; fileRef = A853605E27C96EFA002F3179 /* Tests_macOSLaunchTests.swift */; };
		A853606227C96EFA002F3179 /* cacheApp.swift in Sources */ = {isa = PBXBuildFile; fileRef = A853603727C96EF9002F3179 /* cacheApp.swift */; };
		A853606327C96EFA002F3179 /* cacheApp.swift in Sources */ = {isa = PBXBuildFile; fileRef = A853603727C96EF9002F3179 /* cacheApp.swift */; };
		A853606627C96EFA002F3179 /* Persistence.swift in Sources */ = {isa = PBXBuildFile; fileRef = A853603927C96EF9002F3179 /* Persistence.swift */; };
		A853606727C96EFA002F3179 /* Persistence.swift in Sources */ = {isa = PBXBuildFile; fileRef = A853603927C96EF9002F3179 /* Persistence.swift */; };
		A853606827C96EFA002F3179 /* Assets.xcassets in Resources */ = {isa = PBXBuildFile; fileRef = A853603A27C96EFA002F3179 /* Assets.xcassets */; };
		A853606927C96EFA002F3179 /* Assets.xcassets in Resources */ = {isa = PBXBuildFile; fileRef = A853603A27C96EFA002F3179 /* Assets.xcassets */; };
		A853607B27C96F56002F3179 /* CloudKit.framework in Frameworks */ = {isa = PBXBuildFile; fileRef = A853607A27C96F56002F3179 /* CloudKit.framework */; };
		A853607F27C973BD002F3179 /* cache.xcdatamodeld in Sources */ = {isa = PBXBuildFile; fileRef = A853607D27C973BD002F3179 /* cache.xcdatamodeld */; };
		A853608027C973BD002F3179 /* cache.xcdatamodeld in Sources */ = {isa = PBXBuildFile; fileRef = A853607D27C973BD002F3179 /* cache.xcdatamodeld */; };
		A853608227C979AB002F3179 /* ItemView.swift in Sources */ = {isa = PBXBuildFile; fileRef = A853608127C979AB002F3179 /* ItemView.swift */; };
		A853609527C9C512002F3179 /* Item+CoreDataClass.swift in Sources */ = {isa = PBXBuildFile; fileRef = A853609127C9C512002F3179 /* Item+CoreDataClass.swift */; };
		A853609627C9C512002F3179 /* Item+CoreDataClass.swift in Sources */ = {isa = PBXBuildFile; fileRef = A853609127C9C512002F3179 /* Item+CoreDataClass.swift */; };
		A853609727C9C512002F3179 /* Item+CoreDataProperties.swift in Sources */ = {isa = PBXBuildFile; fileRef = A853609227C9C512002F3179 /* Item+CoreDataProperties.swift */; };
		A853609827C9C512002F3179 /* Item+CoreDataProperties.swift in Sources */ = {isa = PBXBuildFile; fileRef = A853609227C9C512002F3179 /* Item+CoreDataProperties.swift */; };
		A853609927C9C512002F3179 /* Box+CoreDataClass.swift in Sources */ = {isa = PBXBuildFile; fileRef = A853609327C9C512002F3179 /* Box+CoreDataClass.swift */; };
		A853609A27C9C512002F3179 /* Box+CoreDataClass.swift in Sources */ = {isa = PBXBuildFile; fileRef = A853609327C9C512002F3179 /* Box+CoreDataClass.swift */; };
		A853609B27C9C512002F3179 /* Box+CoreDataProperties.swift in Sources */ = {isa = PBXBuildFile; fileRef = A853609427C9C512002F3179 /* Box+CoreDataProperties.swift */; };
		A853609C27C9C512002F3179 /* Box+CoreDataProperties.swift in Sources */ = {isa = PBXBuildFile; fileRef = A853609427C9C512002F3179 /* Box+CoreDataProperties.swift */; };
		A860AAD827ECD91A00CDA60D /* CloudKitShareButton.swift in Sources */ = {isa = PBXBuildFile; fileRef = A860AAD727ECD91A00CDA60D /* CloudKitShareButton.swift */; };
		A86BA5CE280FC45C00A3C389 /* EmojiField.swift in Sources */ = {isa = PBXBuildFile; fileRef = A86BA5CD280FC45C00A3C389 /* EmojiField.swift */; };
		A86BA5D02811086500A3C389 /* CacheCreator.swift in Sources */ = {isa = PBXBuildFile; fileRef = A86BA5CF2811086500A3C389 /* CacheCreator.swift */; };
		A86BA5D22815D8D300A3C389 /* ErrorHandler.swift in Sources */ = {isa = PBXBuildFile; fileRef = A86BA5D12815D8D300A3C389 /* ErrorHandler.swift */; };
		A87EE76F27E7236D0027424E /* Category+CoreDataClass.swift in Sources */ = {isa = PBXBuildFile; fileRef = A87EE76D27E721C40027424E /* Category+CoreDataClass.swift */; };
		A87EE77027E7236E0027424E /* Category+CoreDataClass.swift in Sources */ = {isa = PBXBuildFile; fileRef = A87EE76D27E721C40027424E /* Category+CoreDataClass.swift */; };
		A87EE77127E723710027424E /* Category+CoreDataProperties.swift in Sources */ = {isa = PBXBuildFile; fileRef = A87EE76E27E721C40027424E /* Category+CoreDataProperties.swift */; };
		A87EE77227E723710027424E /* Category+CoreDataProperties.swift in Sources */ = {isa = PBXBuildFile; fileRef = A87EE76E27E721C40027424E /* Category+CoreDataProperties.swift */; };
		A87EE77527E723F50027424E /* CategorySelect.swift in Sources */ = {isa = PBXBuildFile; fileRef = A87EE77427E723F50027424E /* CategorySelect.swift */; };
		A8A269FC27D19FAB00285701 /* ContentView.swift in Sources */ = {isa = PBXBuildFile; fileRef = A8A269FB27D19FAB00285701 /* ContentView.swift */; };
		A8A7F96427E81823004265D6 /* SheeKit in Frameworks */ = {isa = PBXBuildFile; productRef = A8A7F96327E81823004265D6 /* SheeKit */; };
		A8B2119327FDF7AE00993E3D /* CloudKitShareView.swift in Sources */ = {isa = PBXBuildFile; fileRef = A8B2119227FDF7AE00993E3D /* CloudKitShareView.swift */; };
		A8B2119827FE1B4100993E3D /* CacheViewModel.swift in Sources */ = {isa = PBXBuildFile; fileRef = A8B2119727FE1B4100993E3D /* CacheViewModel.swift */; };
		A8B211E3280A2F7500993E3D /* Cache+CoreDataClass.swift in Sources */ = {isa = PBXBuildFile; fileRef = A8B211E1280A2F7500993E3D /* Cache+CoreDataClass.swift */; };
		A8B211E4280A2F7500993E3D /* Cache+CoreDataProperties.swift in Sources */ = {isa = PBXBuildFile; fileRef = A8B211E2280A2F7500993E3D /* Cache+CoreDataProperties.swift */; };
		A8B211E5280A2F7900993E3D /* Cache+CoreDataProperties.swift in Sources */ = {isa = PBXBuildFile; fileRef = A8B211E2280A2F7500993E3D /* Cache+CoreDataProperties.swift */; };
		A8B211E6280A2F7900993E3D /* Cache+CoreDataClass.swift in Sources */ = {isa = PBXBuildFile; fileRef = A8B211E1280A2F7500993E3D /* Cache+CoreDataClass.swift */; };
		A8B433B127E5CF5B00DB6311 /* Introspect in Frameworks */ = {isa = PBXBuildFile; productRef = A8B433B027E5CF5B00DB6311 /* Introspect */; };
		A8D260D4280E6354006DE8F6 /* IconPicker.swift in Sources */ = {isa = PBXBuildFile; fileRef = A8D260D3280E6354006DE8F6 /* IconPicker.swift */; };
		A8D260D6280E663C006DE8F6 /* sf symbols.txt in Resources */ = {isa = PBXBuildFile; fileRef = A8D260D5280E663C006DE8F6 /* sf symbols.txt */; };
		A8D260D8280E94C2006DE8F6 /* AppSettings.swift in Sources */ = {isa = PBXBuildFile; fileRef = A8D260D7280E94C2006DE8F6 /* AppSettings.swift */; };
		A8D43B0327CC698500883979 /* ItemView.swift in Sources */ = {isa = PBXBuildFile; fileRef = A8D43B0227CC698500883979 /* ItemView.swift */; };
		A8D43B0527CC8BAF00883979 /* BoxSelectView.swift in Sources */ = {isa = PBXBuildFile; fileRef = A8D43B0427CC8BAF00883979 /* BoxSelectView.swift */; };
		A8DB30AE27D3F58C002C06DF /* BoxView.swift in Sources */ = {isa = PBXBuildFile; fileRef = A8DB30AD27D3F58C002C06DF /* BoxView.swift */; };
		A8E011C727E708D7003BC175 /* FilterMenu.swift in Sources */ = {isa = PBXBuildFile; fileRef = A8E011C627E708D7003BC175 /* FilterMenu.swift */; };
		A8E011CA27E709B2003BC175 /* CreateItem.swift in Sources */ = {isa = PBXBuildFile; fileRef = A8E011C927E709B2003BC175 /* CreateItem.swift */; };
		A8E011CC27E709BB003BC175 /* CreateBox.swift in Sources */ = {isa = PBXBuildFile; fileRef = A8E011CB27E709BB003BC175 /* CreateBox.swift */; };
		A8F7506C280CEDBB00CCDFE3 /* CacheMenu.swift in Sources */ = {isa = PBXBuildFile; fileRef = A8F7506B280CEDBB00CCDFE3 /* CacheMenu.swift */; };
		A8F8A2C427EBBC7E009B590C /* ContainerViewModel.swift in Sources */ = {isa = PBXBuildFile; fileRef = A8F8A2C327EBBC7E009B590C /* ContainerViewModel.swift */; };
		A8F99E9727CD66FC002FC1CF /* LocationSelectView.swift in Sources */ = {isa = PBXBuildFile; fileRef = A8F99E9627CD66FC002FC1CF /* LocationSelectView.swift */; };
/* End PBXBuildFile section */

/* Begin PBXContainerItemProxy section */
		A853604D27C96EFA002F3179 /* PBXContainerItemProxy */ = {
			isa = PBXContainerItemProxy;
			containerPortal = A853603027C96EF9002F3179 /* Project object */;
			proxyType = 1;
			remoteGlobalIDString = A853603E27C96EFA002F3179;
			remoteInfo = "cache (iOS)";
		};
		A853605927C96EFA002F3179 /* PBXContainerItemProxy */ = {
			isa = PBXContainerItemProxy;
			containerPortal = A853603027C96EF9002F3179 /* Project object */;
			proxyType = 1;
			remoteGlobalIDString = A853604427C96EFA002F3179;
			remoteInfo = "cache (macOS)";
		};
/* End PBXContainerItemProxy section */

/* Begin PBXFileReference section */
		A80B184727E90C4D00979C7D /* BoxList.swift */ = {isa = PBXFileReference; lastKnownFileType = sourcecode.swift; path = BoxList.swift; sourceTree = "<group>"; };
		A80B184A27EA1EDA00979C7D /* CacheList.swift */ = {isa = PBXFileReference; lastKnownFileType = sourcecode.swift; path = CacheList.swift; sourceTree = "<group>"; };
		A80B184C27EA1EE600979C7D /* CacheSearch.swift */ = {isa = PBXFileReference; lastKnownFileType = sourcecode.swift; path = CacheSearch.swift; sourceTree = "<group>"; };
		A80B184F27EA1F5900979C7D /* CacheViewState.swift */ = {isa = PBXFileReference; lastKnownFileType = sourcecode.swift; path = CacheViewState.swift; sourceTree = "<group>"; };
		A80B677727E2448A00D45B27 /* Node.swift */ = {isa = PBXFileReference; lastKnownFileType = sourcecode.swift; path = Node.swift; sourceTree = "<group>"; };
		A80B677A27E28ABD00D45B27 /* OutlineViewController.swift */ = {isa = PBXFileReference; lastKnownFileType = sourcecode.swift; path = OutlineViewController.swift; sourceTree = "<group>"; };
		A80B677C27E28AF700D45B27 /* OutlineView.swift */ = {isa = PBXFileReference; lastKnownFileType = sourcecode.swift; path = OutlineView.swift; sourceTree = "<group>"; };
		A80B677F27E28F4500D45B27 /* CacheView.swift */ = {isa = PBXFileReference; lastKnownFileType = sourcecode.swift; path = CacheView.swift; sourceTree = "<group>"; };
		A8103AC627E03775006EDB5C /* BoxList2.swift */ = {isa = PBXFileReference; lastKnownFileType = sourcecode.swift; path = BoxList2.swift; sourceTree = "<group>"; };
		A81A977027D2C65A0029EC4E /* BoxList.swift */ = {isa = PBXFileReference; lastKnownFileType = sourcecode.swift; path = BoxList.swift; sourceTree = "<group>"; };
		A81D789027E88E6700CA8032 /* Alert.swift */ = {isa = PBXFileReference; lastKnownFileType = sourcecode.swift; path = Alert.swift; sourceTree = "<group>"; };
		A81DD2F927E2B2D400B160D1 /* Search.swift */ = {isa = PBXFileReference; lastKnownFileType = sourcecode.swift; path = Search.swift; sourceTree = "<group>"; };
		A81DD2FB27E2D6DE00B160D1 /* AllItems.swift */ = {isa = PBXFileReference; lastKnownFileType = sourcecode.swift; path = AllItems.swift; sourceTree = "<group>"; };
		A81DD2FD27E2D6EE00B160D1 /* UnboxedItems.swift */ = {isa = PBXFileReference; lastKnownFileType = sourcecode.swift; path = UnboxedItems.swift; sourceTree = "<group>"; };
		A81DD30127E2E7AC00B160D1 /* FilteredItemList.swift */ = {isa = PBXFileReference; lastKnownFileType = sourcecode.swift; path = FilteredItemList.swift; sourceTree = "<group>"; };
		A8274F1227CECF9200F514C4 /* EditItemView.swift */ = {isa = PBXFileReference; lastKnownFileType = sourcecode.swift; path = EditItemView.swift; sourceTree = "<group>"; };
		A83C457527CDBA5D00DEFE1A /* ImagePicker.swift */ = {isa = PBXFileReference; lastKnownFileType = sourcecode.swift; path = ImagePicker.swift; sourceTree = "<group>"; };
		A83F51EF27CB588F00E898C5 /* ContentView.swift */ = {isa = PBXFileReference; lastKnownFileType = sourcecode.swift; path = ContentView.swift; sourceTree = "<group>"; };
		A853603727C96EF9002F3179 /* cacheApp.swift */ = {isa = PBXFileReference; lastKnownFileType = sourcecode.swift; path = cacheApp.swift; sourceTree = "<group>"; };
		A853603927C96EF9002F3179 /* Persistence.swift */ = {isa = PBXFileReference; lastKnownFileType = sourcecode.swift; path = Persistence.swift; sourceTree = "<group>"; };
		A853603A27C96EFA002F3179 /* Assets.xcassets */ = {isa = PBXFileReference; lastKnownFileType = folder.assetcatalog; path = Assets.xcassets; sourceTree = "<group>"; };
		A853603F27C96EFA002F3179 /* cache.app */ = {isa = PBXFileReference; explicitFileType = wrapper.application; includeInIndex = 0; path = cache.app; sourceTree = BUILT_PRODUCTS_DIR; };
		A853604527C96EFA002F3179 /* cache.app */ = {isa = PBXFileReference; explicitFileType = wrapper.application; includeInIndex = 0; path = cache.app; sourceTree = BUILT_PRODUCTS_DIR; };
		A853604727C96EFA002F3179 /* macOS.entitlements */ = {isa = PBXFileReference; lastKnownFileType = text.plist.entitlements; path = macOS.entitlements; sourceTree = "<group>"; };
		A853604C27C96EFA002F3179 /* Tests iOS.xctest */ = {isa = PBXFileReference; explicitFileType = wrapper.cfbundle; includeInIndex = 0; path = "Tests iOS.xctest"; sourceTree = BUILT_PRODUCTS_DIR; };
		A853605027C96EFA002F3179 /* Tests_iOS.swift */ = {isa = PBXFileReference; lastKnownFileType = sourcecode.swift; path = Tests_iOS.swift; sourceTree = "<group>"; };
		A853605227C96EFA002F3179 /* Tests_iOSLaunchTests.swift */ = {isa = PBXFileReference; lastKnownFileType = sourcecode.swift; path = Tests_iOSLaunchTests.swift; sourceTree = "<group>"; };
		A853605827C96EFA002F3179 /* Tests macOS.xctest */ = {isa = PBXFileReference; explicitFileType = wrapper.cfbundle; includeInIndex = 0; path = "Tests macOS.xctest"; sourceTree = BUILT_PRODUCTS_DIR; };
		A853605C27C96EFA002F3179 /* Tests_macOS.swift */ = {isa = PBXFileReference; lastKnownFileType = sourcecode.swift; path = Tests_macOS.swift; sourceTree = "<group>"; };
		A853605E27C96EFA002F3179 /* Tests_macOSLaunchTests.swift */ = {isa = PBXFileReference; lastKnownFileType = sourcecode.swift; path = Tests_macOSLaunchTests.swift; sourceTree = "<group>"; };
		A853607827C96F52002F3179 /* cache (iOS).entitlements */ = {isa = PBXFileReference; lastKnownFileType = text.plist.entitlements; path = "cache (iOS).entitlements"; sourceTree = "<group>"; };
		A853607A27C96F56002F3179 /* CloudKit.framework */ = {isa = PBXFileReference; lastKnownFileType = wrapper.framework; name = CloudKit.framework; path = Platforms/iPhoneOS.platform/Developer/SDKs/iPhoneOS15.2.sdk/System/Library/Frameworks/CloudKit.framework; sourceTree = DEVELOPER_DIR; };
		A853607C27C96F76002F3179 /* cache--iOS--Info.plist */ = {isa = PBXFileReference; lastKnownFileType = text.plist; path = "cache--iOS--Info.plist"; sourceTree = "<group>"; };
		A853607E27C973BD002F3179 /* Shared.xcdatamodel */ = {isa = PBXFileReference; lastKnownFileType = wrapper.xcdatamodel; path = Shared.xcdatamodel; sourceTree = "<group>"; };
		A853608127C979AB002F3179 /* ItemView.swift */ = {isa = PBXFileReference; lastKnownFileType = sourcecode.swift; path = ItemView.swift; sourceTree = "<group>"; };
		A853609127C9C512002F3179 /* Item+CoreDataClass.swift */ = {isa = PBXFileReference; lastKnownFileType = sourcecode.swift; path = "Item+CoreDataClass.swift"; sourceTree = "<group>"; };
		A853609227C9C512002F3179 /* Item+CoreDataProperties.swift */ = {isa = PBXFileReference; lastKnownFileType = sourcecode.swift; path = "Item+CoreDataProperties.swift"; sourceTree = "<group>"; };
		A853609327C9C512002F3179 /* Box+CoreDataClass.swift */ = {isa = PBXFileReference; lastKnownFileType = sourcecode.swift; path = "Box+CoreDataClass.swift"; sourceTree = "<group>"; };
		A853609427C9C512002F3179 /* Box+CoreDataProperties.swift */ = {isa = PBXFileReference; lastKnownFileType = sourcecode.swift; path = "Box+CoreDataProperties.swift"; sourceTree = "<group>"; };
		A860AAD727ECD91A00CDA60D /* CloudKitShareButton.swift */ = {isa = PBXFileReference; lastKnownFileType = sourcecode.swift; path = CloudKitShareButton.swift; sourceTree = "<group>"; };
		A86BA5CD280FC45C00A3C389 /* EmojiField.swift */ = {isa = PBXFileReference; lastKnownFileType = sourcecode.swift; path = EmojiField.swift; sourceTree = "<group>"; };
		A86BA5CF2811086500A3C389 /* CacheCreator.swift */ = {isa = PBXFileReference; lastKnownFileType = sourcecode.swift; path = CacheCreator.swift; sourceTree = "<group>"; };
		A86BA5D12815D8D300A3C389 /* ErrorHandler.swift */ = {isa = PBXFileReference; lastKnownFileType = sourcecode.swift; path = ErrorHandler.swift; sourceTree = "<group>"; };
		A87EE76D27E721C40027424E /* Category+CoreDataClass.swift */ = {isa = PBXFileReference; lastKnownFileType = sourcecode.swift; path = "Category+CoreDataClass.swift"; sourceTree = "<group>"; };
		A87EE76E27E721C40027424E /* Category+CoreDataProperties.swift */ = {isa = PBXFileReference; lastKnownFileType = sourcecode.swift; path = "Category+CoreDataProperties.swift"; sourceTree = "<group>"; };
		A87EE77427E723F50027424E /* CategorySelect.swift */ = {isa = PBXFileReference; lastKnownFileType = sourcecode.swift; path = CategorySelect.swift; sourceTree = "<group>"; };
		A8A269FB27D19FAB00285701 /* ContentView.swift */ = {isa = PBXFileReference; fileEncoding = 4; lastKnownFileType = sourcecode.swift; path = ContentView.swift; sourceTree = "<group>"; };
		A8B2119227FDF7AE00993E3D /* CloudKitShareView.swift */ = {isa = PBXFileReference; lastKnownFileType = sourcecode.swift; path = CloudKitShareView.swift; sourceTree = "<group>"; };
		A8B2119727FE1B4100993E3D /* CacheViewModel.swift */ = {isa = PBXFileReference; lastKnownFileType = sourcecode.swift; path = CacheViewModel.swift; sourceTree = "<group>"; };
		A8B211E1280A2F7500993E3D /* Cache+CoreDataClass.swift */ = {isa = PBXFileReference; lastKnownFileType = sourcecode.swift; path = "Cache+CoreDataClass.swift"; sourceTree = "<group>"; };
		A8B211E2280A2F7500993E3D /* Cache+CoreDataProperties.swift */ = {isa = PBXFileReference; lastKnownFileType = sourcecode.swift; path = "Cache+CoreDataProperties.swift"; sourceTree = "<group>"; };
		A8D260D2280E418D006DE8F6 /* CacheModel v. 4.xcdatamodel */ = {isa = PBXFileReference; lastKnownFileType = wrapper.xcdatamodel; path = "CacheModel v. 4.xcdatamodel"; sourceTree = "<group>"; };
		A8D260D3280E6354006DE8F6 /* IconPicker.swift */ = {isa = PBXFileReference; lastKnownFileType = sourcecode.swift; path = IconPicker.swift; sourceTree = "<group>"; };
		A8D260D5280E663C006DE8F6 /* sf symbols.txt */ = {isa = PBXFileReference; lastKnownFileType = text; path = "sf symbols.txt"; sourceTree = "<group>"; };
		A8D260D7280E94C2006DE8F6 /* AppSettings.swift */ = {isa = PBXFileReference; lastKnownFileType = sourcecode.swift; path = AppSettings.swift; sourceTree = "<group>"; };
		A8D43B0227CC698500883979 /* ItemView.swift */ = {isa = PBXFileReference; lastKnownFileType = sourcecode.swift; path = ItemView.swift; sourceTree = "<group>"; };
		A8D43B0427CC8BAF00883979 /* BoxSelectView.swift */ = {isa = PBXFileReference; lastKnownFileType = sourcecode.swift; path = BoxSelectView.swift; sourceTree = "<group>"; };
		A8DB30AD27D3F58C002C06DF /* BoxView.swift */ = {isa = PBXFileReference; lastKnownFileType = sourcecode.swift; path = BoxView.swift; sourceTree = "<group>"; };
		A8E011C627E708D7003BC175 /* FilterMenu.swift */ = {isa = PBXFileReference; lastKnownFileType = sourcecode.swift; path = FilterMenu.swift; sourceTree = "<group>"; };
		A8E011C927E709B2003BC175 /* CreateItem.swift */ = {isa = PBXFileReference; lastKnownFileType = sourcecode.swift; path = CreateItem.swift; sourceTree = "<group>"; };
		A8E011CB27E709BB003BC175 /* CreateBox.swift */ = {isa = PBXFileReference; lastKnownFileType = sourcecode.swift; path = CreateBox.swift; sourceTree = "<group>"; };
		A8F7506B280CEDBB00CCDFE3 /* CacheMenu.swift */ = {isa = PBXFileReference; lastKnownFileType = sourcecode.swift; path = CacheMenu.swift; sourceTree = "<group>"; };
		A8F7506D280CFE6F00CCDFE3 /* CacheModel v.2.xcdatamodel */ = {isa = PBXFileReference; lastKnownFileType = wrapper.xcdatamodel; path = "CacheModel v.2.xcdatamodel"; sourceTree = "<group>"; };
		A8F7506E280D255700CCDFE3 /* CacheModel v. 3.xcdatamodel */ = {isa = PBXFileReference; lastKnownFileType = wrapper.xcdatamodel; path = "CacheModel v. 3.xcdatamodel"; sourceTree = "<group>"; };
		A8F8A2C327EBBC7E009B590C /* ContainerViewModel.swift */ = {isa = PBXFileReference; lastKnownFileType = sourcecode.swift; path = ContainerViewModel.swift; sourceTree = "<group>"; };
		A8F99E9627CD66FC002FC1CF /* LocationSelectView.swift */ = {isa = PBXFileReference; lastKnownFileType = sourcecode.swift; path = LocationSelectView.swift; sourceTree = "<group>"; };
/* End PBXFileReference section */

/* Begin PBXFrameworksBuildPhase section */
		A853603C27C96EFA002F3179 /* Frameworks */ = {
			isa = PBXFrameworksBuildPhase;
			buildActionMask = 2147483647;
			files = (
				A8A7F96427E81823004265D6 /* SheeKit in Frameworks */,
				A853607B27C96F56002F3179 /* CloudKit.framework in Frameworks */,
				A8B433B127E5CF5B00DB6311 /* Introspect in Frameworks */,
			);
			runOnlyForDeploymentPostprocessing = 0;
		};
		A853604227C96EFA002F3179 /* Frameworks */ = {
			isa = PBXFrameworksBuildPhase;
			buildActionMask = 2147483647;
			files = (
			);
			runOnlyForDeploymentPostprocessing = 0;
		};
		A853604927C96EFA002F3179 /* Frameworks */ = {
			isa = PBXFrameworksBuildPhase;
			buildActionMask = 2147483647;
			files = (
			);
			runOnlyForDeploymentPostprocessing = 0;
		};
		A853605527C96EFA002F3179 /* Frameworks */ = {
			isa = PBXFrameworksBuildPhase;
			buildActionMask = 2147483647;
			files = (
			);
			runOnlyForDeploymentPostprocessing = 0;
		};
/* End PBXFrameworksBuildPhase section */

/* Begin PBXGroup section */
		A80B184927EA1EC500979C7D /* Cache */ = {
			isa = PBXGroup;
			children = (
				A80B184F27EA1F5900979C7D /* CacheViewState.swift */,
				A80B677F27E28F4500D45B27 /* CacheView.swift */,
				A80B184A27EA1EDA00979C7D /* CacheList.swift */,
				A80B184C27EA1EE600979C7D /* CacheSearch.swift */,
				A8F7506B280CEDBB00CCDFE3 /* CacheMenu.swift */,
				A86BA5CF2811086500A3C389 /* CacheCreator.swift */,
			);
			path = Cache;
			sourceTree = "<group>";
		};
		A80B184E27EA1F3B00979C7D /* ViewModels */ = {
			isa = PBXGroup;
			children = (
				A8F8A2C327EBBC7E009B590C /* ContainerViewModel.swift */,
				A8B2119727FE1B4100993E3D /* CacheViewModel.swift */,
			);
			path = ViewModels;
			sourceTree = "<group>";
		};
		A80B185127EA20A700979C7D /* Unused */ = {
			isa = PBXGroup;
			children = (
				A81DD2F927E2B2D400B160D1 /* Search.swift */,
			);
			path = Unused;
			sourceTree = "<group>";
		};
		A80B185227EA20B700979C7D /* Menus */ = {
			isa = PBXGroup;
			children = (
				A8E011C627E708D7003BC175 /* FilterMenu.swift */,
			);
			path = Menus;
			sourceTree = "<group>";
		};
		A80B677927E28A9700D45B27 /* OutlineView */ = {
			isa = PBXGroup;
			children = (
				A80B677A27E28ABD00D45B27 /* OutlineViewController.swift */,
				A80B677C27E28AF700D45B27 /* OutlineView.swift */,
			);
			path = OutlineView;
			sourceTree = "<group>";
		};
		A80B677E27E28F3500D45B27 /* Views */ = {
			isa = PBXGroup;
			children = (
				A853608127C979AB002F3179 /* ItemView.swift */,
				A8274F1227CECF9200F514C4 /* EditItemView.swift */,
				A80B184927EA1EC500979C7D /* Cache */,
				A81D788F27E88E5C00CA8032 /* UIKit */,
				A87EE77327E723D40027424E /* Selections */,
				A8E011C827E709A1003BC175 /* Creation */,
				A81DD30327E2E7B000B160D1 /* Lists */,
				A8D260D3280E6354006DE8F6 /* IconPicker.swift */,
				A8D260D7280E94C2006DE8F6 /* AppSettings.swift */,
			);
			path = Views;
			sourceTree = "<group>";
		};
		A81D788F27E88E5C00CA8032 /* UIKit */ = {
			isa = PBXGroup;
			children = (
				A81D789027E88E6700CA8032 /* Alert.swift */,
				A860AAD727ECD91A00CDA60D /* CloudKitShareButton.swift */,
				A8B2119227FDF7AE00993E3D /* CloudKitShareView.swift */,
			);
			path = UIKit;
			sourceTree = "<group>";
		};
		A81DD30327E2E7B000B160D1 /* Lists */ = {
			isa = PBXGroup;
			children = (
				A81DD2FD27E2D6EE00B160D1 /* UnboxedItems.swift */,
				A81DD2FB27E2D6DE00B160D1 /* AllItems.swift */,
				A81DD30127E2E7AC00B160D1 /* FilteredItemList.swift */,
				A80B184727E90C4D00979C7D /* BoxList.swift */,
			);
			path = Lists;
			sourceTree = "<group>";
		};
		A853602F27C96EF9002F3179 = {
			isa = PBXGroup;
			children = (
				A8D260D5280E663C006DE8F6 /* sf symbols.txt */,
				A853607C27C96F76002F3179 /* cache--iOS--Info.plist */,
				A853607827C96F52002F3179 /* cache (iOS).entitlements */,
				A853603427C96EF9002F3179 /* Shared */,
				A8A269FA27D18EF500285701 /* iOS */,
				A853604627C96EFA002F3179 /* macOS */,
				A853604F27C96EFA002F3179 /* Tests iOS */,
				A853605B27C96EFA002F3179 /* Tests macOS */,
				A853604027C96EFA002F3179 /* Products */,
				A853607927C96F56002F3179 /* Frameworks */,
			);
			sourceTree = "<group>";
		};
		A853603427C96EF9002F3179 /* Shared */ = {
			isa = PBXGroup;
			children = (
				A853609027C9C3FD002F3179 /* Entities */,
				A853607D27C973BD002F3179 /* cache.xcdatamodeld */,
				A853603727C96EF9002F3179 /* cacheApp.swift */,
				A853603927C96EF9002F3179 /* Persistence.swift */,
				A83C457527CDBA5D00DEFE1A /* ImagePicker.swift */,
				A853603A27C96EFA002F3179 /* Assets.xcassets */,
			);
			path = Shared;
			sourceTree = "<group>";
		};
		A853604027C96EFA002F3179 /* Products */ = {
			isa = PBXGroup;
			children = (
				A853603F27C96EFA002F3179 /* cache.app */,
				A853604527C96EFA002F3179 /* cache.app */,
				A853604C27C96EFA002F3179 /* Tests iOS.xctest */,
				A853605827C96EFA002F3179 /* Tests macOS.xctest */,
			);
			name = Products;
			sourceTree = "<group>";
		};
		A853604627C96EFA002F3179 /* macOS */ = {
			isa = PBXGroup;
			children = (
				A80B677927E28A9700D45B27 /* OutlineView */,
				A853604727C96EFA002F3179 /* macOS.entitlements */,
				A83F51EF27CB588F00E898C5 /* ContentView.swift */,
				A8D43B0227CC698500883979 /* ItemView.swift */,
				A81A977027D2C65A0029EC4E /* BoxList.swift */,
				A8DB30AD27D3F58C002C06DF /* BoxView.swift */,
				A8103AC627E03775006EDB5C /* BoxList2.swift */,
				A80B677727E2448A00D45B27 /* Node.swift */,
			);
			path = macOS;
			sourceTree = "<group>";
		};
		A853604F27C96EFA002F3179 /* Tests iOS */ = {
			isa = PBXGroup;
			children = (
				A853605027C96EFA002F3179 /* Tests_iOS.swift */,
				A853605227C96EFA002F3179 /* Tests_iOSLaunchTests.swift */,
			);
			path = "Tests iOS";
			sourceTree = "<group>";
		};
		A853605B27C96EFA002F3179 /* Tests macOS */ = {
			isa = PBXGroup;
			children = (
				A853605C27C96EFA002F3179 /* Tests_macOS.swift */,
				A853605E27C96EFA002F3179 /* Tests_macOSLaunchTests.swift */,
			);
			path = "Tests macOS";
			sourceTree = "<group>";
		};
		A853607927C96F56002F3179 /* Frameworks */ = {
			isa = PBXGroup;
			children = (
				A853607A27C96F56002F3179 /* CloudKit.framework */,
			);
			name = Frameworks;
			sourceTree = "<group>";
		};
		A853609027C9C3FD002F3179 /* Entities */ = {
			isa = PBXGroup;
			children = (
				A8B211E1280A2F7500993E3D /* Cache+CoreDataClass.swift */,
				A8B211E2280A2F7500993E3D /* Cache+CoreDataProperties.swift */,
				A87EE76D27E721C40027424E /* Category+CoreDataClass.swift */,
				A87EE76E27E721C40027424E /* Category+CoreDataProperties.swift */,
				A853609127C9C512002F3179 /* Item+CoreDataClass.swift */,
				A853609227C9C512002F3179 /* Item+CoreDataProperties.swift */,
				A853609327C9C512002F3179 /* Box+CoreDataClass.swift */,
				A853609427C9C512002F3179 /* Box+CoreDataProperties.swift */,
			);
			path = Entities;
			sourceTree = "<group>";
		};
		A87EE77327E723D40027424E /* Selections */ = {
			isa = PBXGroup;
			children = (
				A8D43B0427CC8BAF00883979 /* BoxSelectView.swift */,
				A8F99E9627CD66FC002FC1CF /* LocationSelectView.swift */,
				A87EE77427E723F50027424E /* CategorySelect.swift */,
			);
			path = Selections;
			sourceTree = "<group>";
		};
		A8A269FA27D18EF500285701 /* iOS */ = {
			isa = PBXGroup;
			children = (
				A80B185227EA20B700979C7D /* Menus */,
				A80B185127EA20A700979C7D /* Unused */,
				A80B677E27E28F3500D45B27 /* Views */,
				A80B184E27EA1F3B00979C7D /* ViewModels */,
				A8A269FB27D19FAB00285701 /* ContentView.swift */,
				A86BA5CD280FC45C00A3C389 /* EmojiField.swift */,
				A86BA5D12815D8D300A3C389 /* ErrorHandler.swift */,
			);
			path = iOS;
			sourceTree = "<group>";
		};
		A8E011C827E709A1003BC175 /* Creation */ = {
			isa = PBXGroup;
			children = (
				A8E011C927E709B2003BC175 /* CreateItem.swift */,
				A8E011CB27E709BB003BC175 /* CreateBox.swift */,
			);
			path = Creation;
			sourceTree = "<group>";
		};
/* End PBXGroup section */

/* Begin PBXNativeTarget section */
		A853603E27C96EFA002F3179 /* cache (iOS) */ = {
			isa = PBXNativeTarget;
			buildConfigurationList = A853606C27C96EFA002F3179 /* Build configuration list for PBXNativeTarget "cache (iOS)" */;
			buildPhases = (
				A853603B27C96EFA002F3179 /* Sources */,
				A853603C27C96EFA002F3179 /* Frameworks */,
				A853603D27C96EFA002F3179 /* Resources */,
			);
			buildRules = (
			);
			dependencies = (
			);
			name = "cache (iOS)";
			packageProductDependencies = (
				A8B433B027E5CF5B00DB6311 /* Introspect */,
				A8A7F96327E81823004265D6 /* SheeKit */,
			);
			productName = "cache (iOS)";
			productReference = A853603F27C96EFA002F3179 /* cache.app */;
			productType = "com.apple.product-type.application";
		};
		A853604427C96EFA002F3179 /* cache (macOS) */ = {
			isa = PBXNativeTarget;
			buildConfigurationList = A853606F27C96EFA002F3179 /* Build configuration list for PBXNativeTarget "cache (macOS)" */;
			buildPhases = (
				A853604127C96EFA002F3179 /* Sources */,
				A853604227C96EFA002F3179 /* Frameworks */,
				A853604327C96EFA002F3179 /* Resources */,
			);
			buildRules = (
			);
			dependencies = (
			);
			name = "cache (macOS)";
			productName = "cache (macOS)";
			productReference = A853604527C96EFA002F3179 /* cache.app */;
			productType = "com.apple.product-type.application";
		};
		A853604B27C96EFA002F3179 /* Tests iOS */ = {
			isa = PBXNativeTarget;
			buildConfigurationList = A853607227C96EFA002F3179 /* Build configuration list for PBXNativeTarget "Tests iOS" */;
			buildPhases = (
				A853604827C96EFA002F3179 /* Sources */,
				A853604927C96EFA002F3179 /* Frameworks */,
				A853604A27C96EFA002F3179 /* Resources */,
			);
			buildRules = (
			);
			dependencies = (
				A853604E27C96EFA002F3179 /* PBXTargetDependency */,
			);
			name = "Tests iOS";
			productName = "Tests iOS";
			productReference = A853604C27C96EFA002F3179 /* Tests iOS.xctest */;
			productType = "com.apple.product-type.bundle.ui-testing";
		};
		A853605727C96EFA002F3179 /* Tests macOS */ = {
			isa = PBXNativeTarget;
			buildConfigurationList = A853607527C96EFA002F3179 /* Build configuration list for PBXNativeTarget "Tests macOS" */;
			buildPhases = (
				A853605427C96EFA002F3179 /* Sources */,
				A853605527C96EFA002F3179 /* Frameworks */,
				A853605627C96EFA002F3179 /* Resources */,
			);
			buildRules = (
			);
			dependencies = (
				A853605A27C96EFA002F3179 /* PBXTargetDependency */,
			);
			name = "Tests macOS";
			productName = "Tests macOS";
			productReference = A853605827C96EFA002F3179 /* Tests macOS.xctest */;
			productType = "com.apple.product-type.bundle.ui-testing";
		};
/* End PBXNativeTarget section */

/* Begin PBXProject section */
		A853603027C96EF9002F3179 /* Project object */ = {
			isa = PBXProject;
			attributes = {
				BuildIndependentTargetsInParallel = 1;
				LastSwiftUpdateCheck = 1320;
				LastUpgradeCheck = 1330;
				TargetAttributes = {
					A853603E27C96EFA002F3179 = {
						CreatedOnToolsVersion = 13.2.1;
					};
					A853604427C96EFA002F3179 = {
						CreatedOnToolsVersion = 13.2.1;
					};
					A853604B27C96EFA002F3179 = {
						CreatedOnToolsVersion = 13.2.1;
						TestTargetID = A853603E27C96EFA002F3179;
					};
					A853605727C96EFA002F3179 = {
						CreatedOnToolsVersion = 13.2.1;
						TestTargetID = A853604427C96EFA002F3179;
					};
				};
			};
			buildConfigurationList = A853603327C96EF9002F3179 /* Build configuration list for PBXProject "cache" */;
			compatibilityVersion = "Xcode 13.0";
			developmentRegion = en;
			hasScannedForEncodings = 0;
			knownRegions = (
				en,
				Base,
			);
			mainGroup = A853602F27C96EF9002F3179;
			packageReferences = (
				A8B433AF27E5CF5B00DB6311 /* XCRemoteSwiftPackageReference "SwiftUI-Introspect" */,
				A8A7F96227E81823004265D6 /* XCRemoteSwiftPackageReference "SheeKit" */,
			);
			productRefGroup = A853604027C96EFA002F3179 /* Products */;
			projectDirPath = "";
			projectRoot = "";
			targets = (
				A853603E27C96EFA002F3179 /* cache (iOS) */,
				A853604427C96EFA002F3179 /* cache (macOS) */,
				A853604B27C96EFA002F3179 /* Tests iOS */,
				A853605727C96EFA002F3179 /* Tests macOS */,
			);
		};
/* End PBXProject section */

/* Begin PBXResourcesBuildPhase section */
		A853603D27C96EFA002F3179 /* Resources */ = {
			isa = PBXResourcesBuildPhase;
			buildActionMask = 2147483647;
			files = (
				A8D260D6280E663C006DE8F6 /* sf symbols.txt in Resources */,
				A853606827C96EFA002F3179 /* Assets.xcassets in Resources */,
			);
			runOnlyForDeploymentPostprocessing = 0;
		};
		A853604327C96EFA002F3179 /* Resources */ = {
			isa = PBXResourcesBuildPhase;
			buildActionMask = 2147483647;
			files = (
				A853606927C96EFA002F3179 /* Assets.xcassets in Resources */,
			);
			runOnlyForDeploymentPostprocessing = 0;
		};
		A853604A27C96EFA002F3179 /* Resources */ = {
			isa = PBXResourcesBuildPhase;
			buildActionMask = 2147483647;
			files = (
			);
			runOnlyForDeploymentPostprocessing = 0;
		};
		A853605627C96EFA002F3179 /* Resources */ = {
			isa = PBXResourcesBuildPhase;
			buildActionMask = 2147483647;
			files = (
			);
			runOnlyForDeploymentPostprocessing = 0;
		};
/* End PBXResourcesBuildPhase section */

/* Begin PBXSourcesBuildPhase section */
		A853603B27C96EFA002F3179 /* Sources */ = {
			isa = PBXSourcesBuildPhase;
			buildActionMask = 2147483647;
			files = (
				A853609727C9C512002F3179 /* Item+CoreDataProperties.swift in Sources */,
				A8B2119827FE1B4100993E3D /* CacheViewModel.swift in Sources */,
				A87EE76F27E7236D0027424E /* Category+CoreDataClass.swift in Sources */,
				A8E011C727E708D7003BC175 /* FilterMenu.swift in Sources */,
				A8B211E4280A2F7500993E3D /* Cache+CoreDataProperties.swift in Sources */,
				A853609527C9C512002F3179 /* Item+CoreDataClass.swift in Sources */,
				A853606227C96EFA002F3179 /* cacheApp.swift in Sources */,
				A8F99E9727CD66FC002FC1CF /* LocationSelectView.swift in Sources */,
				A81D789127E88E6700CA8032 /* Alert.swift in Sources */,
				A86BA5D02811086500A3C389 /* CacheCreator.swift in Sources */,
				A853606627C96EFA002F3179 /* Persistence.swift in Sources */,
				A8B211E3280A2F7500993E3D /* Cache+CoreDataClass.swift in Sources */,
				A80B184827E90C4D00979C7D /* BoxList.swift in Sources */,
				A860AAD827ECD91A00CDA60D /* CloudKitShareButton.swift in Sources */,
				A8D43B0527CC8BAF00883979 /* BoxSelectView.swift in Sources */,
				A81DD2FE27E2D6EE00B160D1 /* UnboxedItems.swift in Sources */,
				A8E011CC27E709BB003BC175 /* CreateBox.swift in Sources */,
				A87EE77527E723F50027424E /* CategorySelect.swift in Sources */,
				A80B185027EA1F5900979C7D /* CacheViewState.swift in Sources */,
				A8D260D8280E94C2006DE8F6 /* AppSettings.swift in Sources */,
				A80B678027E28F4500D45B27 /* CacheView.swift in Sources */,
				A81DD2FA27E2B2D400B160D1 /* Search.swift in Sources */,
				A853607F27C973BD002F3179 /* cache.xcdatamodeld in Sources */,
				A80B184B27EA1EDA00979C7D /* CacheList.swift in Sources */,
				A80B184D27EA1EE600979C7D /* CacheSearch.swift in Sources */,
				A853608227C979AB002F3179 /* ItemView.swift in Sources */,
				A81DD2FC27E2D6DE00B160D1 /* AllItems.swift in Sources */,
				A8F8A2C427EBBC7E009B590C /* ContainerViewModel.swift in Sources */,
				A8D260D4280E6354006DE8F6 /* IconPicker.swift in Sources */,
				A8B2119327FDF7AE00993E3D /* CloudKitShareView.swift in Sources */,
				A8F7506C280CEDBB00CCDFE3 /* CacheMenu.swift in Sources */,
				A8E011CA27E709B2003BC175 /* CreateItem.swift in Sources */,
				A87EE77127E723710027424E /* Category+CoreDataProperties.swift in Sources */,
				A853609B27C9C512002F3179 /* Box+CoreDataProperties.swift in Sources */,
				A86BA5D22815D8D300A3C389 /* ErrorHandler.swift in Sources */,
				A86BA5CE280FC45C00A3C389 /* EmojiField.swift in Sources */,
				A8274F1327CECF9200F514C4 /* EditItemView.swift in Sources */,
				A8A269FC27D19FAB00285701 /* ContentView.swift in Sources */,
				A83C457627CDBA5D00DEFE1A /* ImagePicker.swift in Sources */,
				A81DD30227E2E7AC00B160D1 /* FilteredItemList.swift in Sources */,
				A853609927C9C512002F3179 /* Box+CoreDataClass.swift in Sources */,
			);
			runOnlyForDeploymentPostprocessing = 0;
		};
		A853604127C96EFA002F3179 /* Sources */ = {
			isa = PBXSourcesBuildPhase;
			buildActionMask = 2147483647;
			files = (
				A853609827C9C512002F3179 /* Item+CoreDataProperties.swift in Sources */,
				A853609627C9C512002F3179 /* Item+CoreDataClass.swift in Sources */,
				A853606327C96EFA002F3179 /* cacheApp.swift in Sources */,
				A80B677D27E28AF700D45B27 /* OutlineView.swift in Sources */,
				A8B211E5280A2F7900993E3D /* Cache+CoreDataProperties.swift in Sources */,
				A853606727C96EFA002F3179 /* Persistence.swift in Sources */,
				A8D43B0327CC698500883979 /* ItemView.swift in Sources */,
				A80B677B27E28ABD00D45B27 /* OutlineViewController.swift in Sources */,
				A80B677827E2448A00D45B27 /* Node.swift in Sources */,
				A87EE77227E723710027424E /* Category+CoreDataProperties.swift in Sources */,
				A853608027C973BD002F3179 /* cache.xcdatamodeld in Sources */,
				A87EE77027E7236E0027424E /* Category+CoreDataClass.swift in Sources */,
				A8B211E6280A2F7900993E3D /* Cache+CoreDataClass.swift in Sources */,
				A81A977127D2C65A0029EC4E /* BoxList.swift in Sources */,
				A83F51F027CB58A100E898C5 /* ContentView.swift in Sources */,
				A8103AC727E03775006EDB5C /* BoxList2.swift in Sources */,
				A853609C27C9C512002F3179 /* Box+CoreDataProperties.swift in Sources */,
				A853609A27C9C512002F3179 /* Box+CoreDataClass.swift in Sources */,
				A8DB30AE27D3F58C002C06DF /* BoxView.swift in Sources */,
			);
			runOnlyForDeploymentPostprocessing = 0;
		};
		A853604827C96EFA002F3179 /* Sources */ = {
			isa = PBXSourcesBuildPhase;
			buildActionMask = 2147483647;
			files = (
				A853605327C96EFA002F3179 /* Tests_iOSLaunchTests.swift in Sources */,
				A853605127C96EFA002F3179 /* Tests_iOS.swift in Sources */,
			);
			runOnlyForDeploymentPostprocessing = 0;
		};
		A853605427C96EFA002F3179 /* Sources */ = {
			isa = PBXSourcesBuildPhase;
			buildActionMask = 2147483647;
			files = (
				A853605F27C96EFA002F3179 /* Tests_macOSLaunchTests.swift in Sources */,
				A853605D27C96EFA002F3179 /* Tests_macOS.swift in Sources */,
			);
			runOnlyForDeploymentPostprocessing = 0;
		};
/* End PBXSourcesBuildPhase section */

/* Begin PBXTargetDependency section */
		A853604E27C96EFA002F3179 /* PBXTargetDependency */ = {
			isa = PBXTargetDependency;
			target = A853603E27C96EFA002F3179 /* cache (iOS) */;
			targetProxy = A853604D27C96EFA002F3179 /* PBXContainerItemProxy */;
		};
		A853605A27C96EFA002F3179 /* PBXTargetDependency */ = {
			isa = PBXTargetDependency;
			target = A853604427C96EFA002F3179 /* cache (macOS) */;
			targetProxy = A853605927C96EFA002F3179 /* PBXContainerItemProxy */;
		};
/* End PBXTargetDependency section */

/* Begin XCBuildConfiguration section */
		A853606A27C96EFA002F3179 /* Debug */ = {
			isa = XCBuildConfiguration;
			buildSettings = {
				ALWAYS_SEARCH_USER_PATHS = NO;
				CLANG_ANALYZER_NONNULL = YES;
				CLANG_ANALYZER_NUMBER_OBJECT_CONVERSION = YES_AGGRESSIVE;
				CLANG_CXX_LANGUAGE_STANDARD = "gnu++17";
				CLANG_CXX_LIBRARY = "libc++";
				CLANG_ENABLE_MODULES = YES;
				CLANG_ENABLE_OBJC_ARC = YES;
				CLANG_ENABLE_OBJC_WEAK = YES;
				CLANG_WARN_BLOCK_CAPTURE_AUTORELEASING = YES;
				CLANG_WARN_BOOL_CONVERSION = YES;
				CLANG_WARN_COMMA = YES;
				CLANG_WARN_CONSTANT_CONVERSION = YES;
				CLANG_WARN_DEPRECATED_OBJC_IMPLEMENTATIONS = YES;
				CLANG_WARN_DIRECT_OBJC_ISA_USAGE = YES_ERROR;
				CLANG_WARN_DOCUMENTATION_COMMENTS = YES;
				CLANG_WARN_EMPTY_BODY = YES;
				CLANG_WARN_ENUM_CONVERSION = YES;
				CLANG_WARN_INFINITE_RECURSION = YES;
				CLANG_WARN_INT_CONVERSION = YES;
				CLANG_WARN_NON_LITERAL_NULL_CONVERSION = YES;
				CLANG_WARN_OBJC_IMPLICIT_RETAIN_SELF = YES;
				CLANG_WARN_OBJC_LITERAL_CONVERSION = YES;
				CLANG_WARN_OBJC_ROOT_CLASS = YES_ERROR;
				CLANG_WARN_QUOTED_INCLUDE_IN_FRAMEWORK_HEADER = YES;
				CLANG_WARN_RANGE_LOOP_ANALYSIS = YES;
				CLANG_WARN_STRICT_PROTOTYPES = YES;
				CLANG_WARN_SUSPICIOUS_MOVE = YES;
				CLANG_WARN_UNGUARDED_AVAILABILITY = YES_AGGRESSIVE;
				CLANG_WARN_UNREACHABLE_CODE = YES;
				CLANG_WARN__DUPLICATE_METHOD_MATCH = YES;
				COPY_PHASE_STRIP = NO;
				DEBUG_INFORMATION_FORMAT = dwarf;
				ENABLE_STRICT_OBJC_MSGSEND = YES;
				ENABLE_TESTABILITY = YES;
				GCC_C_LANGUAGE_STANDARD = gnu11;
				GCC_DYNAMIC_NO_PIC = NO;
				GCC_NO_COMMON_BLOCKS = YES;
				GCC_OPTIMIZATION_LEVEL = 0;
				GCC_PREPROCESSOR_DEFINITIONS = (
					"DEBUG=1",
					"$(inherited)",
				);
				GCC_WARN_64_TO_32_BIT_CONVERSION = YES;
				GCC_WARN_ABOUT_RETURN_TYPE = YES_ERROR;
				GCC_WARN_UNDECLARED_SELECTOR = YES;
				GCC_WARN_UNINITIALIZED_AUTOS = YES_AGGRESSIVE;
				GCC_WARN_UNUSED_FUNCTION = YES;
				GCC_WARN_UNUSED_VARIABLE = YES;
				MTL_ENABLE_DEBUG_INFO = INCLUDE_SOURCE;
				MTL_FAST_MATH = YES;
				ONLY_ACTIVE_ARCH = YES;
				SWIFT_ACTIVE_COMPILATION_CONDITIONS = DEBUG;
				SWIFT_OPTIMIZATION_LEVEL = "-Onone";
			};
			name = Debug;
		};
		A853606B27C96EFA002F3179 /* Release */ = {
			isa = XCBuildConfiguration;
			buildSettings = {
				ALWAYS_SEARCH_USER_PATHS = NO;
				CLANG_ANALYZER_NONNULL = YES;
				CLANG_ANALYZER_NUMBER_OBJECT_CONVERSION = YES_AGGRESSIVE;
				CLANG_CXX_LANGUAGE_STANDARD = "gnu++17";
				CLANG_CXX_LIBRARY = "libc++";
				CLANG_ENABLE_MODULES = YES;
				CLANG_ENABLE_OBJC_ARC = YES;
				CLANG_ENABLE_OBJC_WEAK = YES;
				CLANG_WARN_BLOCK_CAPTURE_AUTORELEASING = YES;
				CLANG_WARN_BOOL_CONVERSION = YES;
				CLANG_WARN_COMMA = YES;
				CLANG_WARN_CONSTANT_CONVERSION = YES;
				CLANG_WARN_DEPRECATED_OBJC_IMPLEMENTATIONS = YES;
				CLANG_WARN_DIRECT_OBJC_ISA_USAGE = YES_ERROR;
				CLANG_WARN_DOCUMENTATION_COMMENTS = YES;
				CLANG_WARN_EMPTY_BODY = YES;
				CLANG_WARN_ENUM_CONVERSION = YES;
				CLANG_WARN_INFINITE_RECURSION = YES;
				CLANG_WARN_INT_CONVERSION = YES;
				CLANG_WARN_NON_LITERAL_NULL_CONVERSION = YES;
				CLANG_WARN_OBJC_IMPLICIT_RETAIN_SELF = YES;
				CLANG_WARN_OBJC_LITERAL_CONVERSION = YES;
				CLANG_WARN_OBJC_ROOT_CLASS = YES_ERROR;
				CLANG_WARN_QUOTED_INCLUDE_IN_FRAMEWORK_HEADER = YES;
				CLANG_WARN_RANGE_LOOP_ANALYSIS = YES;
				CLANG_WARN_STRICT_PROTOTYPES = YES;
				CLANG_WARN_SUSPICIOUS_MOVE = YES;
				CLANG_WARN_UNGUARDED_AVAILABILITY = YES_AGGRESSIVE;
				CLANG_WARN_UNREACHABLE_CODE = YES;
				CLANG_WARN__DUPLICATE_METHOD_MATCH = YES;
				COPY_PHASE_STRIP = NO;
				DEBUG_INFORMATION_FORMAT = "dwarf-with-dsym";
				ENABLE_NS_ASSERTIONS = NO;
				ENABLE_STRICT_OBJC_MSGSEND = YES;
				GCC_C_LANGUAGE_STANDARD = gnu11;
				GCC_NO_COMMON_BLOCKS = YES;
				GCC_WARN_64_TO_32_BIT_CONVERSION = YES;
				GCC_WARN_ABOUT_RETURN_TYPE = YES_ERROR;
				GCC_WARN_UNDECLARED_SELECTOR = YES;
				GCC_WARN_UNINITIALIZED_AUTOS = YES_AGGRESSIVE;
				GCC_WARN_UNUSED_FUNCTION = YES;
				GCC_WARN_UNUSED_VARIABLE = YES;
				MTL_ENABLE_DEBUG_INFO = NO;
				MTL_FAST_MATH = YES;
				SWIFT_COMPILATION_MODE = wholemodule;
				SWIFT_OPTIMIZATION_LEVEL = "-O";
			};
			name = Release;
		};
		A853606D27C96EFA002F3179 /* Debug */ = {
			isa = XCBuildConfiguration;
			buildSettings = {
				ASSETCATALOG_COMPILER_APPICON_NAME = AppIcon;
				ASSETCATALOG_COMPILER_GLOBAL_ACCENT_COLOR_NAME = AccentColor;
				ASSETCATALOG_COMPILER_INCLUDE_ALL_APPICON_ASSETS = YES;
				CODE_SIGN_ENTITLEMENTS = "cache (iOS).entitlements";
				CODE_SIGN_STYLE = Automatic;
				CURRENT_PROJECT_VERSION = 1;
				DEVELOPMENT_TEAM = A94MQ7FJVP;
				EMBED_ASSET_PACKS_IN_PRODUCT_BUNDLE = NO;
				ENABLE_PREVIEWS = YES;
				GENERATE_INFOPLIST_FILE = YES;
				INFOPLIST_FILE = "cache--iOS--Info.plist";
				INFOPLIST_KEY_UIApplicationSupportsIndirectInputEvents = YES;
				INFOPLIST_KEY_UILaunchScreen_Generation = YES;
				INFOPLIST_KEY_UISupportedInterfaceOrientations_iPad = "UIInterfaceOrientationPortrait UIInterfaceOrientationPortraitUpsideDown UIInterfaceOrientationLandscapeLeft UIInterfaceOrientationLandscapeRight";
				INFOPLIST_KEY_UISupportedInterfaceOrientations_iPhone = "UIInterfaceOrientationPortrait UIInterfaceOrientationLandscapeLeft UIInterfaceOrientationLandscapeRight";
				IPHONEOS_DEPLOYMENT_TARGET = 15.2;
				LD_RUNPATH_SEARCH_PATHS = (
					"$(inherited)",
					"@executable_path/Frameworks",
				);
				MARKETING_VERSION = 1.0;
				PRODUCT_BUNDLE_IDENTIFIER = ifacodes.cache;
				PRODUCT_NAME = cache;
				SDKROOT = iphoneos;
				SWIFT_EMIT_LOC_STRINGS = YES;
				SWIFT_VERSION = 5.0;
				TARGETED_DEVICE_FAMILY = "1,2";
			};
			name = Debug;
		};
		A853606E27C96EFA002F3179 /* Release */ = {
			isa = XCBuildConfiguration;
			buildSettings = {
				ASSETCATALOG_COMPILER_APPICON_NAME = AppIcon;
				ASSETCATALOG_COMPILER_GLOBAL_ACCENT_COLOR_NAME = AccentColor;
				ASSETCATALOG_COMPILER_INCLUDE_ALL_APPICON_ASSETS = YES;
				CODE_SIGN_ENTITLEMENTS = "cache (iOS).entitlements";
				CODE_SIGN_STYLE = Automatic;
				CURRENT_PROJECT_VERSION = 1;
				DEVELOPMENT_TEAM = A94MQ7FJVP;
				EMBED_ASSET_PACKS_IN_PRODUCT_BUNDLE = NO;
				ENABLE_PREVIEWS = YES;
				GENERATE_INFOPLIST_FILE = YES;
				INFOPLIST_FILE = "cache--iOS--Info.plist";
				INFOPLIST_KEY_UIApplicationSupportsIndirectInputEvents = YES;
				INFOPLIST_KEY_UILaunchScreen_Generation = YES;
				INFOPLIST_KEY_UISupportedInterfaceOrientations_iPad = "UIInterfaceOrientationPortrait UIInterfaceOrientationPortraitUpsideDown UIInterfaceOrientationLandscapeLeft UIInterfaceOrientationLandscapeRight";
				INFOPLIST_KEY_UISupportedInterfaceOrientations_iPhone = "UIInterfaceOrientationPortrait UIInterfaceOrientationLandscapeLeft UIInterfaceOrientationLandscapeRight";
				IPHONEOS_DEPLOYMENT_TARGET = 15.2;
				LD_RUNPATH_SEARCH_PATHS = (
					"$(inherited)",
					"@executable_path/Frameworks",
				);
				MARKETING_VERSION = 1.0;
				PRODUCT_BUNDLE_IDENTIFIER = ifacodes.cache;
				PRODUCT_NAME = cache;
				SDKROOT = iphoneos;
				SWIFT_EMIT_LOC_STRINGS = YES;
				SWIFT_VERSION = 5.0;
				TARGETED_DEVICE_FAMILY = "1,2";
				VALIDATE_PRODUCT = YES;
			};
			name = Release;
		};
		A853607027C96EFA002F3179 /* Debug */ = {
			isa = XCBuildConfiguration;
			buildSettings = {
				ASSETCATALOG_COMPILER_APPICON_NAME = AppIcon;
				ASSETCATALOG_COMPILER_GLOBAL_ACCENT_COLOR_NAME = AccentColor;
				CODE_SIGN_ENTITLEMENTS = macOS/macOS.entitlements;
				CODE_SIGN_IDENTITY = "-";
				CODE_SIGN_STYLE = Automatic;
				COMBINE_HIDPI_IMAGES = YES;
				CURRENT_PROJECT_VERSION = 1;
				DEVELOPMENT_TEAM = A94MQ7FJVP;
				ENABLE_HARDENED_RUNTIME = YES;
				ENABLE_PREVIEWS = YES;
				GENERATE_INFOPLIST_FILE = YES;
				INFOPLIST_KEY_NSHumanReadableCopyright = "";
				LD_RUNPATH_SEARCH_PATHS = (
					"$(inherited)",
					"@executable_path/../Frameworks",
				);
				MACOSX_DEPLOYMENT_TARGET = 12.0;
				MARKETING_VERSION = 1.0;
				PRODUCT_BUNDLE_IDENTIFIER = ifacodes.cache;
				PRODUCT_NAME = cache;
				SDKROOT = macosx;
				SWIFT_EMIT_LOC_STRINGS = YES;
				SWIFT_VERSION = 5.0;
			};
			name = Debug;
		};
		A853607127C96EFA002F3179 /* Release */ = {
			isa = XCBuildConfiguration;
			buildSettings = {
				ASSETCATALOG_COMPILER_APPICON_NAME = AppIcon;
				ASSETCATALOG_COMPILER_GLOBAL_ACCENT_COLOR_NAME = AccentColor;
				CODE_SIGN_ENTITLEMENTS = macOS/macOS.entitlements;
				CODE_SIGN_IDENTITY = "-";
				CODE_SIGN_STYLE = Automatic;
				COMBINE_HIDPI_IMAGES = YES;
				CURRENT_PROJECT_VERSION = 1;
				DEVELOPMENT_TEAM = A94MQ7FJVP;
				ENABLE_HARDENED_RUNTIME = YES;
				ENABLE_PREVIEWS = YES;
				GENERATE_INFOPLIST_FILE = YES;
				INFOPLIST_KEY_NSHumanReadableCopyright = "";
				LD_RUNPATH_SEARCH_PATHS = (
					"$(inherited)",
					"@executable_path/../Frameworks",
				);
				MACOSX_DEPLOYMENT_TARGET = 12.0;
				MARKETING_VERSION = 1.0;
				PRODUCT_BUNDLE_IDENTIFIER = ifacodes.cache;
				PRODUCT_NAME = cache;
				SDKROOT = macosx;
				SWIFT_EMIT_LOC_STRINGS = YES;
				SWIFT_VERSION = 5.0;
			};
			name = Release;
		};
		A853607327C96EFA002F3179 /* Debug */ = {
			isa = XCBuildConfiguration;
			buildSettings = {
				ALWAYS_EMBED_SWIFT_STANDARD_LIBRARIES = YES;
				CODE_SIGN_STYLE = Automatic;
				CURRENT_PROJECT_VERSION = 1;
				DEVELOPMENT_TEAM = A94MQ7FJVP;
				GENERATE_INFOPLIST_FILE = YES;
				IPHONEOS_DEPLOYMENT_TARGET = 15.2;
				MARKETING_VERSION = 1.0;
				PRODUCT_BUNDLE_IDENTIFIER = "ifacodes.Tests-iOS";
				PRODUCT_NAME = "$(TARGET_NAME)";
				SDKROOT = iphoneos;
				SWIFT_EMIT_LOC_STRINGS = NO;
				SWIFT_VERSION = 5.0;
				TARGETED_DEVICE_FAMILY = "1,2";
				TEST_TARGET_NAME = "cache (iOS)";
			};
			name = Debug;
		};
		A853607427C96EFA002F3179 /* Release */ = {
			isa = XCBuildConfiguration;
			buildSettings = {
				ALWAYS_EMBED_SWIFT_STANDARD_LIBRARIES = YES;
				CODE_SIGN_STYLE = Automatic;
				CURRENT_PROJECT_VERSION = 1;
				DEVELOPMENT_TEAM = A94MQ7FJVP;
				GENERATE_INFOPLIST_FILE = YES;
				IPHONEOS_DEPLOYMENT_TARGET = 15.2;
				MARKETING_VERSION = 1.0;
				PRODUCT_BUNDLE_IDENTIFIER = "ifacodes.Tests-iOS";
				PRODUCT_NAME = "$(TARGET_NAME)";
				SDKROOT = iphoneos;
				SWIFT_EMIT_LOC_STRINGS = NO;
				SWIFT_VERSION = 5.0;
				TARGETED_DEVICE_FAMILY = "1,2";
				TEST_TARGET_NAME = "cache (iOS)";
				VALIDATE_PRODUCT = YES;
			};
			name = Release;
		};
		A853607627C96EFA002F3179 /* Debug */ = {
			isa = XCBuildConfiguration;
			buildSettings = {
				ALWAYS_EMBED_SWIFT_STANDARD_LIBRARIES = YES;
				CODE_SIGN_STYLE = Automatic;
				CURRENT_PROJECT_VERSION = 1;
				DEVELOPMENT_TEAM = A94MQ7FJVP;
				GENERATE_INFOPLIST_FILE = YES;
				MACOSX_DEPLOYMENT_TARGET = 12.0;
				MARKETING_VERSION = 1.0;
				PRODUCT_BUNDLE_IDENTIFIER = "ifacodes.Tests-macOS";
				PRODUCT_NAME = "$(TARGET_NAME)";
				SDKROOT = macosx;
				SWIFT_EMIT_LOC_STRINGS = NO;
				SWIFT_VERSION = 5.0;
				TEST_TARGET_NAME = "cache (macOS)";
			};
			name = Debug;
		};
		A853607727C96EFA002F3179 /* Release */ = {
			isa = XCBuildConfiguration;
			buildSettings = {
				ALWAYS_EMBED_SWIFT_STANDARD_LIBRARIES = YES;
				CODE_SIGN_STYLE = Automatic;
				CURRENT_PROJECT_VERSION = 1;
				DEVELOPMENT_TEAM = A94MQ7FJVP;
				GENERATE_INFOPLIST_FILE = YES;
				MACOSX_DEPLOYMENT_TARGET = 12.0;
				MARKETING_VERSION = 1.0;
				PRODUCT_BUNDLE_IDENTIFIER = "ifacodes.Tests-macOS";
				PRODUCT_NAME = "$(TARGET_NAME)";
				SDKROOT = macosx;
				SWIFT_EMIT_LOC_STRINGS = NO;
				SWIFT_VERSION = 5.0;
				TEST_TARGET_NAME = "cache (macOS)";
			};
			name = Release;
		};
/* End XCBuildConfiguration section */

/* Begin XCConfigurationList section */
		A853603327C96EF9002F3179 /* Build configuration list for PBXProject "cache" */ = {
			isa = XCConfigurationList;
			buildConfigurations = (
				A853606A27C96EFA002F3179 /* Debug */,
				A853606B27C96EFA002F3179 /* Release */,
			);
			defaultConfigurationIsVisible = 0;
			defaultConfigurationName = Release;
		};
		A853606C27C96EFA002F3179 /* Build configuration list for PBXNativeTarget "cache (iOS)" */ = {
			isa = XCConfigurationList;
			buildConfigurations = (
				A853606D27C96EFA002F3179 /* Debug */,
				A853606E27C96EFA002F3179 /* Release */,
			);
			defaultConfigurationIsVisible = 0;
			defaultConfigurationName = Release;
		};
		A853606F27C96EFA002F3179 /* Build configuration list for PBXNativeTarget "cache (macOS)" */ = {
			isa = XCConfigurationList;
			buildConfigurations = (
				A853607027C96EFA002F3179 /* Debug */,
				A853607127C96EFA002F3179 /* Release */,
			);
			defaultConfigurationIsVisible = 0;
			defaultConfigurationName = Release;
		};
		A853607227C96EFA002F3179 /* Build configuration list for PBXNativeTarget "Tests iOS" */ = {
			isa = XCConfigurationList;
			buildConfigurations = (
				A853607327C96EFA002F3179 /* Debug */,
				A853607427C96EFA002F3179 /* Release */,
			);
			defaultConfigurationIsVisible = 0;
			defaultConfigurationName = Release;
		};
		A853607527C96EFA002F3179 /* Build configuration list for PBXNativeTarget "Tests macOS" */ = {
			isa = XCConfigurationList;
			buildConfigurations = (
				A853607627C96EFA002F3179 /* Debug */,
				A853607727C96EFA002F3179 /* Release */,
			);
			defaultConfigurationIsVisible = 0;
			defaultConfigurationName = Release;
		};
/* End XCConfigurationList section */

/* Begin XCRemoteSwiftPackageReference section */
		A8A7F96227E81823004265D6 /* XCRemoteSwiftPackageReference "SheeKit" */ = {
			isa = XCRemoteSwiftPackageReference;
			repositoryURL = "https://github.com/edudnyk/SheeKit.git";
			requirement = {
				kind = upToNextMajorVersion;
				minimumVersion = 2.0.0;
			};
		};
		A8B433AF27E5CF5B00DB6311 /* XCRemoteSwiftPackageReference "SwiftUI-Introspect" */ = {
			isa = XCRemoteSwiftPackageReference;
			repositoryURL = "https://github.com/siteline/SwiftUI-Introspect.git";
			requirement = {
				kind = upToNextMajorVersion;
				minimumVersion = 0.1.4;
			};
		};
/* End XCRemoteSwiftPackageReference section */

/* Begin XCSwiftPackageProductDependency section */
		A8A7F96327E81823004265D6 /* SheeKit */ = {
			isa = XCSwiftPackageProductDependency;
			package = A8A7F96227E81823004265D6 /* XCRemoteSwiftPackageReference "SheeKit" */;
			productName = SheeKit;
		};
		A8B433B027E5CF5B00DB6311 /* Introspect */ = {
			isa = XCSwiftPackageProductDependency;
			package = A8B433AF27E5CF5B00DB6311 /* XCRemoteSwiftPackageReference "SwiftUI-Introspect" */;
			productName = Introspect;
		};
/* End XCSwiftPackageProductDependency section */

/* Begin XCVersionGroup section */
		A853607D27C973BD002F3179 /* cache.xcdatamodeld */ = {
			isa = XCVersionGroup;
			children = (
				A8D260D2280E418D006DE8F6 /* CacheModel v. 4.xcdatamodel */,
				A8F7506E280D255700CCDFE3 /* CacheModel v. 3.xcdatamodel */,
				A8F7506D280CFE6F00CCDFE3 /* CacheModel v.2.xcdatamodel */,
				A853607E27C973BD002F3179 /* Shared.xcdatamodel */,
			);
			currentVersion = A8F7506E280D255700CCDFE3 /* CacheModel v. 3.xcdatamodel */;
			path = cache.xcdatamodeld;
			sourceTree = "<group>";
			versionGroupType = wrapper.xcdatamodel;
		};
/* End XCVersionGroup section */
	};
	rootObject = A853603027C96EF9002F3179 /* Project object */;
}
